{
  "name": "backlog-custom-labels",
  "version": "3.0.0",
  "lockfileVersion": 3,
  "requires": true,
  "packages": {
    "": {
      "name": "backlog-custom-labels",
      "version": "3.0.0",
      "devDependencies": {
        "service-backlog-lib": "file:../../layers/service-backlog-lib"
      }
    },
    "../../layers/service-backlog-lib": {
      "dev": true
    },
    "node_modules/service-backlog-lib": {
      "resolved": "../../layers/service-backlog-lib",
      "link": true
    }
  }
}
