{
  "name": "ingest-fixity",
  "version": "3.0.0",
  "lockfileVersion": 3,
  "requires": true,
  "packages": {
    "": {
      "name": "ingest-fixity",
      "version": "3.0.0",
      "devDependencies": {
        "core-lib": "file:../../../layers/core-lib",
        "fixity-lib": "file:../../../layers/fixity-lib"
      }
    },
    "../../../layers/core-lib": {
      "dev": true
    },
    "../../../layers/fixity-lib": {
      "dev": true
    },
    "node_modules/core-lib": {
      "resolved": "../../../layers/core-lib",
      "link": true
    },
    "node_modules/fixity-lib": {
      "resolved": "../../../layers/fixity-lib",
      "link": true
    }
  }
}
