{
  "name": "ingest-document",
  "version": "3.0.0",
  "lockfileVersion": 3,
  "requires": true,
  "packages": {
    "": {
      "name": "ingest-document",
      "version": "3.0.0",
      "devDependencies": {
        "core-lib": "file:../../../layers/core-lib",
        "pdfjs-dist": "file:../../../layers/pdf-lib"
      }
    },
    "../../../layers/core-lib": {
      "dev": true
    },
    "../../../layers/pdf-lib": {
      "dev": true
    },
    "node_modules/core-lib": {
      "resolved": "../../../layers/core-lib",
      "link": true
    },
    "node_modules/pdfjs-dist": {
      "resolved": "../../../layers/pdf-lib",
      "link": true
    }
  }
}
