{
  "name": "ingest-main",
  "version": "3.0.0",
  "lockfileVersion": 3,
  "requires": true,
  "packages": {
    "": {
      "name": "ingest-main",
      "version": "3.0.0",
      "devDependencies": {
        "core-lib": "file:../../../layers/core-lib",
        "mediainfo": "file:../../../layers/mediainfo"
      }
    },
    "../../../layers/core-lib": {
      "dev": true
    },
    "../../../layers/mediainfo": {
      "dev": true
    },
    "node_modules/core-lib": {
      "resolved": "../../../layers/core-lib",
      "link": true
    },
    "node_modules/mediainfo": {
      "resolved": "../../../layers/mediainfo",
      "link": true
    }
  }
}
